
Microsoft Visual Studio Solution File, Format Version 12.00
# Visual Studio Version 16
VisualStudioVersion = 16.0.30413.136
MinimumVisualStudioVersion = 10.0.40219.1
Project("{FAE04EC0-301F-11D3-BF4B-00C04F79EFBC}") = "PaymentHubProxyService.WindowsService.Host", "PaymentHubProxyService.WindowsService.Host\PaymentHubProxyService.WindowsService.Host.csproj", "{D4998D8B-A322-4249-9B4D-EA419DC38549}"
EndProject
Project("{FAE04EC0-301F-11D3-BF4B-00C04F79EFBC}") = "PaymentHubProxy.Contracts", "PaymentHubProxy.Contracts\PaymentHubProxy.Contracts.csproj", "{2C2CBE58-6A73-4228-A66F-7CB18BC70069}"
EndProject
Project("{FAE04EC0-301F-11D3-BF4B-00C04F79EFBC}") = "PaymentHubProxy.Service", "PaymentHubProxy.Service\PaymentHubProxy.Service.csproj", "{2F353790-BAED-4F17-81A9-203AF4DEF7C9}"
EndProject
Project("{FAE04EC0-301F-11D3-BF4B-00C04F79EFBC}") = "PaymentHubProxy.Client", "PaymentHubProxy.Client\PaymentHubProxy.Client.csproj", "{9760ECF0-5123-4780-956F-EC21522061F7}"
EndProject
Project("{FAE04EC0-301F-11D3-BF4B-00C04F79EFBC}") = "PaymentHubProxy.Utility", "PaymentHubProxy.Utility\PaymentHubProxy.Utility.csproj", "{6B881213-9E71-4FB0-8BE8-A1B034EFE9F7}"
EndProject
Global
	GlobalSection(SolutionConfigurationPlatforms) = preSolution
		Debug|Any CPU = Debug|Any CPU
		Release|Any CPU = Release|Any CPU
	EndGlobalSection
	GlobalSection(ProjectConfigurationPlatforms) = postSolution
		{D4998D8B-A322-4249-9B4D-EA419DC38549}.Debug|Any CPU.ActiveCfg = Debug|Any CPU
		{D4998D8B-A322-4249-9B4D-EA419DC38549}.Debug|Any CPU.Build.0 = Debug|Any CPU
		{D4998D8B-A322-4249-9B4D-EA419DC38549}.Release|Any CPU.ActiveCfg = Release|Any CPU
		{D4998D8B-A322-4249-9B4D-EA419DC38549}.Release|Any CPU.Build.0 = Release|Any CPU
		{2C2CBE58-6A73-4228-A66F-7CB18BC70069}.Debug|Any CPU.ActiveCfg = Debug|Any CPU
		{2C2CBE58-6A73-4228-A66F-7CB18BC70069}.Debug|Any CPU.Build.0 = Debug|Any CPU
		{2C2CBE58-6A73-4228-A66F-7CB18BC70069}.Release|Any CPU.ActiveCfg = Release|Any CPU
		{2C2CBE58-6A73-4228-A66F-7CB18BC70069}.Release|Any CPU.Build.0 = Release|Any CPU
		{2F353790-BAED-4F17-81A9-203AF4DEF7C9}.Debug|Any CPU.ActiveCfg = Debug|Any CPU
		{2F353790-BAED-4F17-81A9-203AF4DEF7C9}.Debug|Any CPU.Build.0 = Debug|Any CPU
		{2F353790-BAED-4F17-81A9-203AF4DEF7C9}.Release|Any CPU.ActiveCfg = Release|Any CPU
		{2F353790-BAED-4F17-81A9-203AF4DEF7C9}.Release|Any CPU.Build.0 = Release|Any CPU
		{9760ECF0-5123-4780-956F-EC21522061F7}.Debug|Any CPU.ActiveCfg = Debug|Any CPU
		{9760ECF0-5123-4780-956F-EC21522061F7}.Debug|Any CPU.Build.0 = Debug|Any CPU
		{9760ECF0-5123-4780-956F-EC21522061F7}.Release|Any CPU.ActiveCfg = Release|Any CPU
		{9760ECF0-5123-4780-956F-EC21522061F7}.Release|Any CPU.Build.0 = Release|Any CPU
		{6B881213-9E71-4FB0-8BE8-A1B034EFE9F7}.Debug|Any CPU.ActiveCfg = Debug|Any CPU
		{6B881213-9E71-4FB0-8BE8-A1B034EFE9F7}.Debug|Any CPU.Build.0 = Debug|Any CPU
		{6B881213-9E71-4FB0-8BE8-A1B034EFE9F7}.Release|Any CPU.ActiveCfg = Release|Any CPU
		{6B881213-9E71-4FB0-8BE8-A1B034EFE9F7}.Release|Any CPU.Build.0 = Release|Any CPU
	EndGlobalSection
	GlobalSection(SolutionProperties) = preSolution
		HideSolutionNode = FALSE
	EndGlobalSection
	GlobalSection(ExtensibilityGlobals) = postSolution
		SolutionGuid = {8C643357-4FD4-4450-949D-B09EB587A914}
	EndGlobalSection
	GlobalSection(TeamFoundationVersionControl) = preSolution
		SccNumberOfProjects = 6
		SccEnterpriseProvider = {4CA58AB2-18FA-4F8D-95D4-32DDF27D184C}
		SccTeamFoundationServer = https://dev.azure.com/pcesltd
		SccLocalPath0 = .
		SccProjectUniqueName1 = PaymentHubProxy.Client\\PaymentHubProxy.Client.csproj
		SccProjectName1 = PaymentHubProxy.Client
		SccLocalPath1 = PaymentHubProxy.Client
		SccProjectUniqueName2 = PaymentHubProxy.Contracts\\PaymentHubProxy.Contracts.csproj
		SccProjectName2 = PaymentHubProxy.Contracts
		SccLocalPath2 = PaymentHubProxy.Contracts
		SccProjectUniqueName3 = PaymentHubProxy.Service\\PaymentHubProxy.Service.csproj
		SccProjectName3 = PaymentHubProxy.Service
		SccLocalPath3 = PaymentHubProxy.Service
		SccProjectUniqueName4 = PaymentHubProxy.Utility\\PaymentHubProxy.Utility.csproj
		SccProjectName4 = PaymentHubProxy.Utility
		SccLocalPath4 = PaymentHubProxy.Utility
		SccProjectUniqueName5 = PaymentHubProxyService.WindowsService.Host\\PaymentHubProxyService.WindowsService.Host.csproj
		SccProjectName5 = PaymentHubProxyService.WindowsService.Host
		SccLocalPath5 = PaymentHubProxyService.WindowsService.Host
	EndGlobalSection
EndGlobal
